// !$*UTF8*$!
{
	archiveVersion = 1;
	classes = {
	};
	objectVersion = 55;
	objects = {

/* Begin PBXBuildFile section */
		36176E4D2772055800FB8EE9 /* Weather.storyboard in Resources */ = {isa = PBXBuildFile; fileRef = 36176E4C2772055800FB8EE9 /* Weather.storyboard */; };
		369D0AF72772EDA1004967EC /* WeatherViewController.swift in Sources */ = {isa = PBXBuildFile; fileRef = 369D0AF62772EDA1004967EC /* WeatherViewController.swift */; };
		36A00D0727692E3900C444A8 /* TodoList.storyboard in Resources */ = {isa = PBXBuildFile; fileRef = 36A00D0627692E3900C444A8 /* TodoList.storyboard */; };
		36A00D0927692E9000C444A8 /* TaskListViewController.swift in Sources */ = {isa = PBXBuildFile; fileRef = 36A00D0827692E9000C444A8 /* TaskListViewController.swift */; };
		4C1D6CBF276AFC2D00B425D7 /* AddTaskViewController.swift in Sources */ = {isa = PBXBuildFile; fileRef = 4C1D6CBE276AFC2D00B425D7 /* AddTaskViewController.swift */; };
		4C1D6CC1276AFE8500B425D7 /* Tasks.swift in Sources */ = {isa = PBXBuildFile; fileRef = 4C1D6CC0276AFE8500B425D7 /* Tasks.swift */; };
		4C1D6CC3276B0F6800B425D7 /* TaskCell.swift in Sources */ = {isa = PBXBuildFile; fileRef = 4C1D6CC2276B0F6800B425D7 /* TaskCell.swift */; };
		4C242BAF275F5A3500ECAB6D /* PhotoCollectionViewController.swift in Sources */ = {isa = PBXBuildFile; fileRef = 4C242BAE275F5A3500ECAB6D /* PhotoCollectionViewController.swift */; };
		4C2D32D6276F2528004E84CF /* News.storyboard in Resources */ = {isa = PBXBuildFile; fileRef = 4C2D32D5276F2528004E84CF /* News.storyboard */; };
		4C2D32D8276F2560004E84CF /* NewsTableViewController.swift in Sources */ = {isa = PBXBuildFile; fileRef = 4C2D32D7276F2560004E84CF /* NewsTableViewController.swift */; };
		4C53865B276878F600CA75F0 /* PhotoCollectionViewCell.swift in Sources */ = {isa = PBXBuildFile; fileRef = 4C53865A276878F600CA75F0 /* PhotoCollectionViewCell.swift */; };
		4C761BA7275B6BEF002D10B1 /* AppDelegate.swift in Sources */ = {isa = PBXBuildFile; fileRef = 4C761BA6275B6BEF002D10B1 /* AppDelegate.swift */; };
		4C761BA9275B6BEF002D10B1 /* SceneDelegate.swift in Sources */ = {isa = PBXBuildFile; fileRef = 4C761BA8275B6BEF002D10B1 /* SceneDelegate.swift */; };
		4C761BAB275B6BEF002D10B1 /* ViewController.swift in Sources */ = {isa = PBXBuildFile; fileRef = 4C761BAA275B6BEF002D10B1 /* ViewController.swift */; };
		4C761BAE275B6BEF002D10B1 /* Main.storyboard in Resources */ = {isa = PBXBuildFile; fileRef = 4C761BAC275B6BEF002D10B1 /* Main.storyboard */; };
		4C761BB0275B6BF0002D10B1 /* Assets.xcassets in Resources */ = {isa = PBXBuildFile; fileRef = 4C761BAF275B6BF0002D10B1 /* Assets.xcassets */; };
		4C761BB3275B6BF0002D10B1 /* LaunchScreen.storyboard in Resources */ = {isa = PBXBuildFile; fileRef = 4C761BB1275B6BF0002D10B1 /* LaunchScreen.storyboard */; };
		4C761BBE275B6BF0002D10B1 /* Mastering_RxSwift_in_iOSTests.swift in Sources */ = {isa = PBXBuildFile; fileRef = 4C761BBD275B6BF0002D10B1 /* Mastering_RxSwift_in_iOSTests.swift */; };
		4C761BC8275B6BF0002D10B1 /* Mastering_RxSwift_in_iOSUITests.swift in Sources */ = {isa = PBXBuildFile; fileRef = 4C761BC7275B6BF0002D10B1 /* Mastering_RxSwift_in_iOSUITests.swift */; };
		4C761BCA275B6BF0002D10B1 /* Mastering_RxSwift_in_iOSUITestsLaunchTests.swift in Sources */ = {isa = PBXBuildFile; fileRef = 4C761BC9275B6BF0002D10B1 /* Mastering_RxSwift_in_iOSUITestsLaunchTests.swift */; };
		4CD47C1C27704F5B00804252 /* Article.swift in Sources */ = {isa = PBXBuildFile; fileRef = 4CD47C1B27704F5B00804252 /* Article.swift */; };
		4CD47C1E277055D100804252 /* ArticleCell.swift in Sources */ = {isa = PBXBuildFile; fileRef = 4CD47C1D277055D100804252 /* ArticleCell.swift */; };
		4CD47C212770628500804252 /* URLRequest+Extensions.swift in Sources */ = {isa = PBXBuildFile; fileRef = 4CD47C202770628500804252 /* URLRequest+Extensions.swift */; };
		4CDF88BD2768B9B40082009F /* FilterService.swift in Sources */ = {isa = PBXBuildFile; fileRef = 4CDF88BC2768B9B40082009F /* FilterService.swift */; };
		75731F5BEC52716C302A368C /* Pods_Mastering_RxSwift_in_iOS.framework in Frameworks */ = {isa = PBXBuildFile; fileRef = BCCA751FB5E67D15DFBBF38F /* Pods_Mastering_RxSwift_in_iOS.framework */; };
/* End PBXBuildFile section */

/* Begin PBXContainerItemProxy section */
		4C761BBA275B6BF0002D10B1 /* PBXContainerItemProxy */ = {
			isa = PBXContainerItemProxy;
			containerPortal = 4C761B9B275B6BEF002D10B1 /* Project object */;
			proxyType = 1;
			remoteGlobalIDString = 4C761BA2275B6BEF002D10B1;
			remoteInfo = Mastering_RxSwift_in_iOS;
		};
		4C761BC4275B6BF0002D10B1 /* PBXContainerItemProxy */ = {
			isa = PBXContainerItemProxy;
			containerPortal = 4C761B9B275B6BEF002D10B1 /* Project object */;
			proxyType = 1;
			remoteGlobalIDString = 4C761BA2275B6BEF002D10B1;
			remoteInfo = Mastering_RxSwift_in_iOS;
		};
/* End PBXContainerItemProxy section */

/* Begin PBXFileReference section */
		30C1B1F9631BEA8C1F4F674E /* Pods-Mastering_RxSwift_in_iOS.release.xcconfig */ = {isa = PBXFileReference; includeInIndex = 1; lastKnownFileType = text.xcconfig; name = "Pods-Mastering_RxSwift_in_iOS.release.xcconfig"; path = "Target Support Files/Pods-Mastering_RxSwift_in_iOS/Pods-Mastering_RxSwift_in_iOS.release.xcconfig"; sourceTree = "<group>"; };
		36123F132768EBF900AFF44A /* Section5-Ignore.playground */ = {isa = PBXFileReference; lastKnownFileType = file.playground; path = "Section5-Ignore.playground"; sourceTree = "<group>"; xcLanguageSpecificationIdentifier = xcode.lang.swift; };
		36123F142768EEF000AFF44A /* Section5-ElementAt.playground */ = {isa = PBXFileReference; lastKnownFileType = file.playground; path = "Section5-ElementAt.playground"; sourceTree = "<group>"; xcLanguageSpecificationIdentifier = xcode.lang.swift; };
		36176E4C2772055800FB8EE9 /* Weather.storyboard */ = {isa = PBXFileReference; lastKnownFileType = file.storyboard; path = Weather.storyboard; sourceTree = "<group>"; };
		36815A422771A4FF00BD2428 /* StartsWith.playground */ = {isa = PBXFileReference; lastKnownFileType = file.playground; path = StartsWith.playground; sourceTree = "<group>"; xcLanguageSpecificationIdentifier = xcode.lang.swift; };
		369D0AF62772EDA1004967EC /* WeatherViewController.swift */ = {isa = PBXFileReference; lastKnownFileType = sourcecode.swift; path = WeatherViewController.swift; sourceTree = "<group>"; };
		36A00CFD27691E3000C444A8 /* Section5-Filter.playground */ = {isa = PBXFileReference; lastKnownFileType = file.playground; path = "Section5-Filter.playground"; sourceTree = "<group>"; xcLanguageSpecificationIdentifier = xcode.lang.swift; };
		36A00CFE2769203C00C444A8 /* Section5-Skip.playground */ = {isa = PBXFileReference; lastKnownFileType = file.playground; path = "Section5-Skip.playground"; sourceTree = "<group>"; xcLanguageSpecificationIdentifier = xcode.lang.swift; };
		36A00CFF2769215800C444A8 /* Section5-SkipWhile.playground */ = {isa = PBXFileReference; lastKnownFileType = file.playground; path = "Section5-SkipWhile.playground"; sourceTree = "<group>"; xcLanguageSpecificationIdentifier = xcode.lang.swift; };
		36A00D002769231F00C444A8 /* Section5-SkipUntil.playground */ = {isa = PBXFileReference; lastKnownFileType = file.playground; path = "Section5-SkipUntil.playground"; sourceTree = "<group>"; xcLanguageSpecificationIdentifier = xcode.lang.swift; };
		36A00D01276926F600C444A8 /* Section5-Take.playground */ = {isa = PBXFileReference; lastKnownFileType = file.playground; path = "Section5-Take.playground"; sourceTree = "<group>"; xcLanguageSpecificationIdentifier = xcode.lang.swift; };
		36A00D022769281600C444A8 /* Section5-TakeWhile.playground */ = {isa = PBXFileReference; lastKnownFileType = file.playground; path = "Section5-TakeWhile.playground"; sourceTree = "<group>"; xcLanguageSpecificationIdentifier = xcode.lang.swift; };
		36A00D03276929E900C444A8 /* Section5-TakeUntil.playground */ = {isa = PBXFileReference; lastKnownFileType = file.playground; path = "Section5-TakeUntil.playground"; sourceTree = "<group>"; xcLanguageSpecificationIdentifier = xcode.lang.swift; };
		36A00D0627692E3900C444A8 /* TodoList.storyboard */ = {isa = PBXFileReference; lastKnownFileType = file.storyboard; path = TodoList.storyboard; sourceTree = "<group>"; };
		36A00D0827692E9000C444A8 /* TaskListViewController.swift */ = {isa = PBXFileReference; lastKnownFileType = sourcecode.swift; path = TaskListViewController.swift; sourceTree = "<group>"; };
		36AD798E2771A70B004E5D2B /* Concat.playground */ = {isa = PBXFileReference; lastKnownFileType = file.playground; path = Concat.playground; sourceTree = "<group>"; xcLanguageSpecificationIdentifier = xcode.lang.swift; };
		36AD798F2771A817004E5D2B /* Merge.playground */ = {isa = PBXFileReference; lastKnownFileType = file.playground; path = Merge.playground; sourceTree = "<group>"; xcLanguageSpecificationIdentifier = xcode.lang.swift; };
		36AD79902771AA81004E5D2B /* CombineLatest.playground */ = {isa = PBXFileReference; lastKnownFileType = file.playground; path = CombineLatest.playground; sourceTree = "<group>"; xcLanguageSpecificationIdentifier = xcode.lang.swift; };
		36AD79912771AD86004E5D2B /* WithLatestFrom.playground */ = {isa = PBXFileReference; lastKnownFileType = file.playground; path = WithLatestFrom.playground; sourceTree = "<group>"; xcLanguageSpecificationIdentifier = xcode.lang.swift; };
		36AD79922771B4C4004E5D2B /* Reduce.playground */ = {isa = PBXFileReference; lastKnownFileType = file.playground; path = Reduce.playground; sourceTree = "<group>"; xcLanguageSpecificationIdentifier = xcode.lang.swift; };
		36AD79932771B663004E5D2B /* Scan.playground */ = {isa = PBXFileReference; lastKnownFileType = file.playground; path = Scan.playground; sourceTree = "<group>"; xcLanguageSpecificationIdentifier = xcode.lang.swift; };
		4C06CCC7276B457700187E37 /* ToArray.playground */ = {isa = PBXFileReference; lastKnownFileType = file.playground; path = ToArray.playground; sourceTree = "<group>"; xcLanguageSpecificationIdentifier = xcode.lang.swift; };
		4C06CCC8276B47D900187E37 /* Map.playground */ = {isa = PBXFileReference; lastKnownFileType = file.playground; path = Map.playground; sourceTree = "<group>"; xcLanguageSpecificationIdentifier = xcode.lang.swift; };
		4C06CCC9276B49AA00187E37 /* FlatMap.playground */ = {isa = PBXFileReference; lastKnownFileType = file.playground; path = FlatMap.playground; sourceTree = "<group>"; xcLanguageSpecificationIdentifier = xcode.lang.swift; };
		4C1D6CBE276AFC2D00B425D7 /* AddTaskViewController.swift */ = {isa = PBXFileReference; lastKnownFileType = sourcecode.swift; path = AddTaskViewController.swift; sourceTree = "<group>"; };
		4C1D6CC0276AFE8500B425D7 /* Tasks.swift */ = {isa = PBXFileReference; lastKnownFileType = sourcecode.swift; path = Tasks.swift; sourceTree = "<group>"; };
		4C1D6CC2276B0F6800B425D7 /* TaskCell.swift */ = {isa = PBXFileReference; lastKnownFileType = sourcecode.swift; path = TaskCell.swift; sourceTree = "<group>"; };
		4C242BAE275F5A3500ECAB6D /* PhotoCollectionViewController.swift */ = {isa = PBXFileReference; lastKnownFileType = sourcecode.swift; path = PhotoCollectionViewController.swift; sourceTree = "<group>"; };
		4C2D32D5276F2528004E84CF /* News.storyboard */ = {isa = PBXFileReference; lastKnownFileType = file.storyboard; path = News.storyboard; sourceTree = "<group>"; };
		4C2D32D7276F2560004E84CF /* NewsTableViewController.swift */ = {isa = PBXFileReference; lastKnownFileType = sourcecode.swift; path = NewsTableViewController.swift; sourceTree = "<group>"; };
		4C53865A276878F600CA75F0 /* PhotoCollectionViewCell.swift */ = {isa = PBXFileReference; lastKnownFileType = sourcecode.swift; path = PhotoCollectionViewCell.swift; sourceTree = "<group>"; };
		4C5A7B64275B6E1200FD24E7 /* Section1_2_3.playground */ = {isa = PBXFileReference; lastKnownFileType = file.playground; path = Section1_2_3.playground; sourceTree = "<group>"; xcLanguageSpecificationIdentifier = xcode.lang.swift; };
		4C6AE3C9276ED89900C67853 /* FlatmapLatest.playground */ = {isa = PBXFileReference; lastKnownFileType = file.playground; path = FlatmapLatest.playground; sourceTree = "<group>"; xcLanguageSpecificationIdentifier = xcode.lang.swift; };
		4C761BA3275B6BEF002D10B1 /* Mastering_RxSwift_in_iOS.app */ = {isa = PBXFileReference; explicitFileType = wrapper.application; includeInIndex = 0; path = Mastering_RxSwift_in_iOS.app; sourceTree = BUILT_PRODUCTS_DIR; };
		4C761BA6275B6BEF002D10B1 /* AppDelegate.swift */ = {isa = PBXFileReference; lastKnownFileType = sourcecode.swift; path = AppDelegate.swift; sourceTree = "<group>"; };
		4C761BA8275B6BEF002D10B1 /* SceneDelegate.swift */ = {isa = PBXFileReference; lastKnownFileType = sourcecode.swift; path = SceneDelegate.swift; sourceTree = "<group>"; };
		4C761BAA275B6BEF002D10B1 /* ViewController.swift */ = {isa = PBXFileReference; lastKnownFileType = sourcecode.swift; path = ViewController.swift; sourceTree = "<group>"; };
		4C761BAD275B6BEF002D10B1 /* Base */ = {isa = PBXFileReference; lastKnownFileType = file.storyboard; name = Base; path = Base.lproj/Main.storyboard; sourceTree = "<group>"; };
		4C761BAF275B6BF0002D10B1 /* Assets.xcassets */ = {isa = PBXFileReference; lastKnownFileType = folder.assetcatalog; path = Assets.xcassets; sourceTree = "<group>"; };
		4C761BB2275B6BF0002D10B1 /* Base */ = {isa = PBXFileReference; lastKnownFileType = file.storyboard; name = Base; path = Base.lproj/LaunchScreen.storyboard; sourceTree = "<group>"; };
		4C761BB4275B6BF0002D10B1 /* Info.plist */ = {isa = PBXFileReference; lastKnownFileType = text.plist.xml; path = Info.plist; sourceTree = "<group>"; };
		4C761BB9275B6BF0002D10B1 /* Mastering_RxSwift_in_iOSTests.xctest */ = {isa = PBXFileReference; explicitFileType = wrapper.cfbundle; includeInIndex = 0; path = Mastering_RxSwift_in_iOSTests.xctest; sourceTree = BUILT_PRODUCTS_DIR; };
		4C761BBD275B6BF0002D10B1 /* Mastering_RxSwift_in_iOSTests.swift */ = {isa = PBXFileReference; lastKnownFileType = sourcecode.swift; path = Mastering_RxSwift_in_iOSTests.swift; sourceTree = "<group>"; };
		4C761BC3275B6BF0002D10B1 /* Mastering_RxSwift_in_iOSUITests.xctest */ = {isa = PBXFileReference; explicitFileType = wrapper.cfbundle; includeInIndex = 0; path = Mastering_RxSwift_in_iOSUITests.xctest; sourceTree = BUILT_PRODUCTS_DIR; };
		4C761BC7275B6BF0002D10B1 /* Mastering_RxSwift_in_iOSUITests.swift */ = {isa = PBXFileReference; lastKnownFileType = sourcecode.swift; path = Mastering_RxSwift_in_iOSUITests.swift; sourceTree = "<group>"; };
		4C761BC9275B6BF0002D10B1 /* Mastering_RxSwift_in_iOSUITestsLaunchTests.swift */ = {isa = PBXFileReference; lastKnownFileType = sourcecode.swift; path = Mastering_RxSwift_in_iOSUITestsLaunchTests.swift; sourceTree = "<group>"; };
		4C9A19D3275E270A003D97E0 /* BehaviorRelay.playground */ = {isa = PBXFileReference; lastKnownFileType = file.playground; path = BehaviorRelay.playground; sourceTree = "<group>"; xcLanguageSpecificationIdentifier = xcode.lang.swift; };
		4CBC209B275E05FD00797717 /* Behavior Subject.playground */ = {isa = PBXFileReference; lastKnownFileType = file.playground; path = "Behavior Subject.playground"; sourceTree = "<group>"; xcLanguageSpecificationIdentifier = xcode.lang.swift; };
		4CD47C1B27704F5B00804252 /* Article.swift */ = {isa = PBXFileReference; lastKnownFileType = sourcecode.swift; path = Article.swift; sourceTree = "<group>"; };
		4CD47C1D277055D100804252 /* ArticleCell.swift */ = {isa = PBXFileReference; lastKnownFileType = sourcecode.swift; path = ArticleCell.swift; sourceTree = "<group>"; };
		4CD47C202770628500804252 /* URLRequest+Extensions.swift */ = {isa = PBXFileReference; lastKnownFileType = sourcecode.swift; path = "URLRequest+Extensions.swift"; sourceTree = "<group>"; };
		4CDF88BC2768B9B40082009F /* FilterService.swift */ = {isa = PBXFileReference; lastKnownFileType = sourcecode.swift; path = FilterService.swift; sourceTree = "<group>"; };
		4CFCBBC5275E08EA00715D55 /* Replay Subject.playground */ = {isa = PBXFileReference; lastKnownFileType = file.playground; path = "Replay Subject.playground"; sourceTree = "<group>"; xcLanguageSpecificationIdentifier = xcode.lang.swift; };
		4CFCBBC6275E1F6000715D55 /* Variables.playground */ = {isa = PBXFileReference; lastKnownFileType = file.playground; path = Variables.playground; sourceTree = "<group>"; xcLanguageSpecificationIdentifier = xcode.lang.swift; };
		6305230C7CFE44B18073F671 /* Pods-Mastering_RxSwift_in_iOS.debug.xcconfig */ = {isa = PBXFileReference; includeInIndex = 1; lastKnownFileType = text.xcconfig; name = "Pods-Mastering_RxSwift_in_iOS.debug.xcconfig"; path = "Target Support Files/Pods-Mastering_RxSwift_in_iOS/Pods-Mastering_RxSwift_in_iOS.debug.xcconfig"; sourceTree = "<group>"; };
		BCCA751FB5E67D15DFBBF38F /* Pods_Mastering_RxSwift_in_iOS.framework */ = {isa = PBXFileReference; explicitFileType = wrapper.framework; includeInIndex = 0; path = Pods_Mastering_RxSwift_in_iOS.framework; sourceTree = BUILT_PRODUCTS_DIR; };
/* End PBXFileReference section */

/* Begin PBXFrameworksBuildPhase section */
		4C761BA0275B6BEF002D10B1 /* Frameworks */ = {
			isa = PBXFrameworksBuildPhase;
			buildActionMask = 2147483647;
			files = (
				75731F5BEC52716C302A368C /* Pods_Mastering_RxSwift_in_iOS.framework in Frameworks */,
			);
			runOnlyForDeploymentPostprocessing = 0;
		};
		4C761BB6275B6BF0002D10B1 /* Frameworks */ = {
			isa = PBXFrameworksBuildPhase;
			buildActionMask = 2147483647;
			files = (
			);
			runOnlyForDeploymentPostprocessing = 0;
		};
		4C761BC0275B6BF0002D10B1 /* Frameworks */ = {
			isa = PBXFrameworksBuildPhase;
			buildActionMask = 2147483647;
			files = (
			);
			runOnlyForDeploymentPostprocessing = 0;
		};
/* End PBXFrameworksBuildPhase section */

/* Begin PBXGroup section */
		36176E4B2772052800FB8EE9 /* Section10 */ = {
			isa = PBXGroup;
			children = (
				36176E4C2772055800FB8EE9 /* Weather.storyboard */,
				369D0AF62772EDA1004967EC /* WeatherViewController.swift */,
			);
			path = Section10;
			sourceTree = "<group>";
		};
		36815A412771A4C500BD2428 /* Section9 */ = {
			isa = PBXGroup;
			children = (
				36AD79932771B663004E5D2B /* Scan.playground */,
				36AD79922771B4C4004E5D2B /* Reduce.playground */,
				36AD79912771AD86004E5D2B /* WithLatestFrom.playground */,
				36AD79902771AA81004E5D2B /* CombineLatest.playground */,
				36AD798F2771A817004E5D2B /* Merge.playground */,
				36AD798E2771A70B004E5D2B /* Concat.playground */,
				36815A422771A4FF00BD2428 /* StartsWith.playground */,
			);
			path = Section9;
			sourceTree = "<group>";
		};
		36A00D0427692DFB00C444A8 /* Section4 */ = {
			isa = PBXGroup;
			children = (
				4CDF88BC2768B9B40082009F /* FilterService.swift */,
				4C761BAA275B6BEF002D10B1 /* ViewController.swift */,
				4C242BAE275F5A3500ECAB6D /* PhotoCollectionViewController.swift */,
				4C53865A276878F600CA75F0 /* PhotoCollectionViewCell.swift */,
				4C761BAC275B6BEF002D10B1 /* Main.storyboard */,
			);
			path = Section4;
			sourceTree = "<group>";
		};
		36A00D0527692E1000C444A8 /* Section6 */ = {
			isa = PBXGroup;
			children = (
				36A00D0827692E9000C444A8 /* TaskListViewController.swift */,
				36A00D0627692E3900C444A8 /* TodoList.storyboard */,
				4C1D6CBE276AFC2D00B425D7 /* AddTaskViewController.swift */,
				4C1D6CC2276B0F6800B425D7 /* TaskCell.swift */,
				4C1D6CC0276AFE8500B425D7 /* Tasks.swift */,
			);
			path = Section6;
			sourceTree = "<group>";
		};
		4C06CCC6276B455400187E37 /* Section7 */ = {
			isa = PBXGroup;
			children = (
				4C6AE3C9276ED89900C67853 /* FlatmapLatest.playground */,
				4C06CCC9276B49AA00187E37 /* FlatMap.playground */,
				4C06CCC8276B47D900187E37 /* Map.playground */,
				4C06CCC7276B457700187E37 /* ToArray.playground */,
			);
			path = Section7;
			sourceTree = "<group>";
		};
		4C2D32D4276F24DD004E84CF /* Section8 */ = {
			isa = PBXGroup;
			children = (
				4CD47C1F2770627200804252 /* Extensions */,
				4C2D32D5276F2528004E84CF /* News.storyboard */,
				4C2D32D7276F2560004E84CF /* NewsTableViewController.swift */,
				4CD47C1D277055D100804252 /* ArticleCell.swift */,
				4CD47C1B27704F5B00804252 /* Article.swift */,
			);
			path = Section8;
			sourceTree = "<group>";
		};
		4C5A7B65275B6E1F00FD24E7 /* Playgrounds */ = {
			isa = PBXGroup;
			children = (
				36815A412771A4C500BD2428 /* Section9 */,
				4C06CCC6276B455400187E37 /* Section7 */,
				36A00D03276929E900C444A8 /* Section5-TakeUntil.playground */,
				36A00D022769281600C444A8 /* Section5-TakeWhile.playground */,
				36A00D01276926F600C444A8 /* Section5-Take.playground */,
				36A00D002769231F00C444A8 /* Section5-SkipUntil.playground */,
				36A00CFF2769215800C444A8 /* Section5-SkipWhile.playground */,
				36A00CFE2769203C00C444A8 /* Section5-Skip.playground */,
				36A00CFD27691E3000C444A8 /* Section5-Filter.playground */,
				36123F142768EEF000AFF44A /* Section5-ElementAt.playground */,
				36123F132768EBF900AFF44A /* Section5-Ignore.playground */,
				4C9A19D3275E270A003D97E0 /* BehaviorRelay.playground */,
				4CFCBBC6275E1F6000715D55 /* Variables.playground */,
				4CFCBBC5275E08EA00715D55 /* Replay Subject.playground */,
				4CBC209B275E05FD00797717 /* Behavior Subject.playground */,
				4C5A7B64275B6E1200FD24E7 /* Section1_2_3.playground */,
			);
			path = Playgrounds;
			sourceTree = "<group>";
		};
		4C761B9A275B6BEF002D10B1 = {
			isa = PBXGroup;
			children = (
				4C761BA5275B6BEF002D10B1 /* Mastering_RxSwift_in_iOS */,
				4C761BBC275B6BF0002D10B1 /* Mastering_RxSwift_in_iOSTests */,
				4C761BC6275B6BF0002D10B1 /* Mastering_RxSwift_in_iOSUITests */,
				4C761BA4275B6BEF002D10B1 /* Products */,
				BE3FB920C47B2C021B312670 /* Pods */,
				FC5ED007B0D7E54FFDDB450E /* Frameworks */,
			);
			sourceTree = "<group>";
		};
		4C761BA4275B6BEF002D10B1 /* Products */ = {
			isa = PBXGroup;
			children = (
				4C761BA3275B6BEF002D10B1 /* Mastering_RxSwift_in_iOS.app */,
				4C761BB9275B6BF0002D10B1 /* Mastering_RxSwift_in_iOSTests.xctest */,
				4C761BC3275B6BF0002D10B1 /* Mastering_RxSwift_in_iOSUITests.xctest */,
			);
			name = Products;
			sourceTree = "<group>";
		};
		4C761BA5275B6BEF002D10B1 /* Mastering_RxSwift_in_iOS */ = {
			isa = PBXGroup;
			children = (
				4C5A7B65275B6E1F00FD24E7 /* Playgrounds */,
				4C761BA6275B6BEF002D10B1 /* AppDelegate.swift */,
				4C761BA8275B6BEF002D10B1 /* SceneDelegate.swift */,
				4C2D32D4276F24DD004E84CF /* Section8 */,
				36A00D0427692DFB00C444A8 /* Section4 */,
				36A00D0527692E1000C444A8 /* Section6 */,
				36176E4B2772052800FB8EE9 /* Section10 */,
				4C761BAF275B6BF0002D10B1 /* Assets.xcassets */,
				4C761BB1275B6BF0002D10B1 /* LaunchScreen.storyboard */,
				4C761BB4275B6BF0002D10B1 /* Info.plist */,
			);
			path = Mastering_RxSwift_in_iOS;
			sourceTree = "<group>";
		};
		4C761BBC275B6BF0002D10B1 /* Mastering_RxSwift_in_iOSTests */ = {
			isa = PBXGroup;
			children = (
				4C761BBD275B6BF0002D10B1 /* Mastering_RxSwift_in_iOSTests.swift */,
			);
			path = Mastering_RxSwift_in_iOSTests;
			sourceTree = "<group>";
		};
		4C761BC6275B6BF0002D10B1 /* Mastering_RxSwift_in_iOSUITests */ = {
			isa = PBXGroup;
			children = (
				4C761BC7275B6BF0002D10B1 /* Mastering_RxSwift_in_iOSUITests.swift */,
				4C761BC9275B6BF0002D10B1 /* Mastering_RxSwift_in_iOSUITestsLaunchTests.swift */,
			);
			path = Mastering_RxSwift_in_iOSUITests;
			sourceTree = "<group>";
		};
		4CD47C1F2770627200804252 /* Extensions */ = {
			isa = PBXGroup;
			children = (
				4CD47C202770628500804252 /* URLRequest+Extensions.swift */,
			);
			path = Extensions;
			sourceTree = "<group>";
		};
		BE3FB920C47B2C021B312670 /* Pods */ = {
			isa = PBXGroup;
			children = (
				6305230C7CFE44B18073F671 /* Pods-Mastering_RxSwift_in_iOS.debug.xcconfig */,
				30C1B1F9631BEA8C1F4F674E /* Pods-Mastering_RxSwift_in_iOS.release.xcconfig */,
			);
			path = Pods;
			sourceTree = "<group>";
		};
		FC5ED007B0D7E54FFDDB450E /* Frameworks */ = {
			isa = PBXGroup;
			children = (
				BCCA751FB5E67D15DFBBF38F /* Pods_Mastering_RxSwift_in_iOS.framework */,
			);
			name = Frameworks;
			sourceTree = "<group>";
		};
/* End PBXGroup section */

/* Begin PBXNativeTarget section */
		4C761BA2275B6BEF002D10B1 /* Mastering_RxSwift_in_iOS */ = {
			isa = PBXNativeTarget;
			buildConfigurationList = 4C761BCD275B6BF0002D10B1 /* Build configuration list for PBXNativeTarget "Mastering_RxSwift_in_iOS" */;
			buildPhases = (
				8EB93785C6F5654848727F49 /* [CP] Check Pods Manifest.lock */,
				4C761B9F275B6BEF002D10B1 /* Sources */,
				4C761BA0275B6BEF002D10B1 /* Frameworks */,
				4C761BA1275B6BEF002D10B1 /* Resources */,
				F8C0B4A57BB38E864AB7DCA4 /* [CP] Embed Pods Frameworks */,
			);
			buildRules = (
			);
			dependencies = (
			);
			name = Mastering_RxSwift_in_iOS;
			productName = Mastering_RxSwift_in_iOS;
			productReference = 4C761BA3275B6BEF002D10B1 /* Mastering_RxSwift_in_iOS.app */;
			productType = "com.apple.product-type.application";
		};
		4C761BB8275B6BF0002D10B1 /* Mastering_RxSwift_in_iOSTests */ = {
			isa = PBXNativeTarget;
			buildConfigurationList = 4C761BD0275B6BF0002D10B1 /* Build configuration list for PBXNativeTarget "Mastering_RxSwift_in_iOSTests" */;
			buildPhases = (
				4C761BB5275B6BF0002D10B1 /* Sources */,
				4C761BB6275B6BF0002D10B1 /* Frameworks */,
				4C761BB7275B6BF0002D10B1 /* Resources */,
			);
			buildRules = (
			);
			dependencies = (
				4C761BBB275B6BF0002D10B1 /* PBXTargetDependency */,
			);
			name = Mastering_RxSwift_in_iOSTests;
			productName = Mastering_RxSwift_in_iOSTests;
			productReference = 4C761BB9275B6BF0002D10B1 /* Mastering_RxSwift_in_iOSTests.xctest */;
			productType = "com.apple.product-type.bundle.unit-test";
		};
		4C761BC2275B6BF0002D10B1 /* Mastering_RxSwift_in_iOSUITests */ = {
			isa = PBXNativeTarget;
			buildConfigurationList = 4C761BD3275B6BF0002D10B1 /* Build configuration list for PBXNativeTarget "Mastering_RxSwift_in_iOSUITests" */;
			buildPhases = (
				4C761BBF275B6BF0002D10B1 /* Sources */,
				4C761BC0275B6BF0002D10B1 /* Frameworks */,
				4C761BC1275B6BF0002D10B1 /* Resources */,
			);
			buildRules = (
			);
			dependencies = (
				4C761BC5275B6BF0002D10B1 /* PBXTargetDependency */,
			);
			name = Mastering_RxSwift_in_iOSUITests;
			productName = Mastering_RxSwift_in_iOSUITests;
			productReference = 4C761BC3275B6BF0002D10B1 /* Mastering_RxSwift_in_iOSUITests.xctest */;
			productType = "com.apple.product-type.bundle.ui-testing";
		};
/* End PBXNativeTarget section */

/* Begin PBXProject section */
		4C761B9B275B6BEF002D10B1 /* Project object */ = {
			isa = PBXProject;
			attributes = {
				BuildIndependentTargetsInParallel = 1;
				LastSwiftUpdateCheck = 1310;
				LastUpgradeCheck = 1310;
				TargetAttributes = {
					4C761BA2275B6BEF002D10B1 = {
						CreatedOnToolsVersion = 13.1;
					};
					4C761BB8275B6BF0002D10B1 = {
						CreatedOnToolsVersion = 13.1;
						TestTargetID = 4C761BA2275B6BEF002D10B1;
					};
					4C761BC2275B6BF0002D10B1 = {
						CreatedOnToolsVersion = 13.1;
						TestTargetID = 4C761BA2275B6BEF002D10B1;
					};
				};
			};
			buildConfigurationList = 4C761B9E275B6BEF002D10B1 /* Build configuration list for PBXProject "Mastering_RxSwift_in_iOS" */;
			compatibilityVersion = "Xcode 13.0";
			developmentRegion = en;
			hasScannedForEncodings = 0;
			knownRegions = (
				en,
				Base,
			);
			mainGroup = 4C761B9A275B6BEF002D10B1;
			productRefGroup = 4C761BA4275B6BEF002D10B1 /* Products */;
			projectDirPath = "";
			projectRoot = "";
			targets = (
				4C761BA2275B6BEF002D10B1 /* Mastering_RxSwift_in_iOS */,
				4C761BB8275B6BF0002D10B1 /* Mastering_RxSwift_in_iOSTests */,
				4C761BC2275B6BF0002D10B1 /* Mastering_RxSwift_in_iOSUITests */,
			);
		};
/* End PBXProject section */

/* Begin PBXResourcesBuildPhase section */
		4C761BA1275B6BEF002D10B1 /* Resources */ = {
			isa = PBXResourcesBuildPhase;
			buildActionMask = 2147483647;
			files = (
				36A00D0727692E3900C444A8 /* TodoList.storyboard in Resources */,
				36176E4D2772055800FB8EE9 /* Weather.storyboard in Resources */,
				4C761BB3275B6BF0002D10B1 /* LaunchScreen.storyboard in Resources */,
				4C2D32D6276F2528004E84CF /* News.storyboard in Resources */,
				4C761BB0275B6BF0002D10B1 /* Assets.xcassets in Resources */,
				4C761BAE275B6BEF002D10B1 /* Main.storyboard in Resources */,
			);
			runOnlyForDeploymentPostprocessing = 0;
		};
		4C761BB7275B6BF0002D10B1 /* Resources */ = {
			isa = PBXResourcesBuildPhase;
			buildActionMask = 2147483647;
			files = (
			);
			runOnlyForDeploymentPostprocessing = 0;
		};
		4C761BC1275B6BF0002D10B1 /* Resources */ = {
			isa = PBXResourcesBuildPhase;
			buildActionMask = 2147483647;
			files = (
			);
			runOnlyForDeploymentPostprocessing = 0;
		};
/* End PBXResourcesBuildPhase section */

/* Begin PBXShellScriptBuildPhase section */
		8EB93785C6F5654848727F49 /* [CP] Check Pods Manifest.lock */ = {
			isa = PBXShellScriptBuildPhase;
			buildActionMask = 2147483647;
			files = (
			);
			inputFileListPaths = (
			);
			inputPaths = (
				"${PODS_PODFILE_DIR_PATH}/Podfile.lock",
				"${PODS_ROOT}/Manifest.lock",
			);
			name = "[CP] Check Pods Manifest.lock";
			outputFileListPaths = (
			);
			outputPaths = (
				"$(DERIVED_FILE_DIR)/Pods-Mastering_RxSwift_in_iOS-checkManifestLockResult.txt",
			);
			runOnlyForDeploymentPostprocessing = 0;
			shellPath = /bin/sh;
			shellScript = "diff \"${PODS_PODFILE_DIR_PATH}/Podfile.lock\" \"${PODS_ROOT}/Manifest.lock\" > /dev/null\nif [ $? != 0 ] ; then\n    # print error to STDERR\n    echo \"error: The sandbox is not in sync with the Podfile.lock. Run 'pod install' or update your CocoaPods installation.\" >&2\n    exit 1\nfi\n# This output is used by Xcode 'outputs' to avoid re-running this script phase.\necho \"SUCCESS\" > \"${SCRIPT_OUTPUT_FILE_0}\"\n";
			showEnvVarsInLog = 0;
		};
		F8C0B4A57BB38E864AB7DCA4 /* [CP] Embed Pods Frameworks */ = {
			isa = PBXShellScriptBuildPhase;
			buildActionMask = 2147483647;
			files = (
			);
			inputFileListPaths = (
				"${PODS_ROOT}/Target Support Files/Pods-Mastering_RxSwift_in_iOS/Pods-Mastering_RxSwift_in_iOS-frameworks-${CONFIGURATION}-input-files.xcfilelist",
			);
			name = "[CP] Embed Pods Frameworks";
			outputFileListPaths = (
				"${PODS_ROOT}/Target Support Files/Pods-Mastering_RxSwift_in_iOS/Pods-Mastering_RxSwift_in_iOS-frameworks-${CONFIGURATION}-output-files.xcfilelist",
			);
			runOnlyForDeploymentPostprocessing = 0;
			shellPath = /bin/sh;
			shellScript = "\"${PODS_ROOT}/Target Support Files/Pods-Mastering_RxSwift_in_iOS/Pods-Mastering_RxSwift_in_iOS-frameworks.sh\"\n";
			showEnvVarsInLog = 0;
		};
/* End PBXShellScriptBuildPhase section */

/* Begin PBXSourcesBuildPhase section */
		4C761B9F275B6BEF002D10B1 /* Sources */ = {
			isa = PBXSourcesBuildPhase;
			buildActionMask = 2147483647;
			files = (
				36A00D0927692E9000C444A8 /* TaskListViewController.swift in Sources */,
				369D0AF72772EDA1004967EC /* WeatherViewController.swift in Sources */,
				4C1D6CBF276AFC2D00B425D7 /* AddTaskViewController.swift in Sources */,
				4C761BAB275B6BEF002D10B1 /* ViewController.swift in Sources */,
				4C53865B276878F600CA75F0 /* PhotoCollectionViewCell.swift in Sources */,
				4C2D32D8276F2560004E84CF /* NewsTableViewController.swift in Sources */,
				4C1D6CC3276B0F6800B425D7 /* TaskCell.swift in Sources */,
				4C1D6CC1276AFE8500B425D7 /* Tasks.swift in Sources */,
				4CD47C1E277055D100804252 /* ArticleCell.swift in Sources */,
				4C761BA7275B6BEF002D10B1 /* AppDelegate.swift in Sources */,
				4CD47C1C27704F5B00804252 /* Article.swift in Sources */,
				4CDF88BD2768B9B40082009F /* FilterService.swift in Sources */,
				4CD47C212770628500804252 /* URLRequest+Extensions.swift in Sources */,
				4C761BA9275B6BEF002D10B1 /* SceneDelegate.swift in Sources */,
				4C242BAF275F5A3500ECAB6D /* PhotoCollectionViewController.swift in Sources */,
			);
			runOnlyForDeploymentPostprocessing = 0;
		};
		4C761BB5275B6BF0002D10B1 /* Sources */ = {
			isa = PBXSourcesBuildPhase;
			buildActionMask = 2147483647;
			files = (
				4C761BBE275B6BF0002D10B1 /* Mastering_RxSwift_in_iOSTests.swift in Sources */,
			);
			runOnlyForDeploymentPostprocessing = 0;
		};
		4C761BBF275B6BF0002D10B1 /* Sources */ = {
			isa = PBXSourcesBuildPhase;
			buildActionMask = 2147483647;
			files = (
				4C761BCA275B6BF0002D10B1 /* Mastering_RxSwift_in_iOSUITestsLaunchTests.swift in Sources */,
				4C761BC8275B6BF0002D10B1 /* Mastering_RxSwift_in_iOSUITests.swift in Sources */,
			);
			runOnlyForDeploymentPostprocessing = 0;
		};
/* End PBXSourcesBuildPhase section */

/* Begin PBXTargetDependency section */
		4C761BBB275B6BF0002D10B1 /* PBXTargetDependency */ = {
			isa = PBXTargetDependency;
			target = 4C761BA2275B6BEF002D10B1 /* Mastering_RxSwift_in_iOS */;
			targetProxy = 4C761BBA275B6BF0002D10B1 /* PBXContainerItemProxy */;
		};
		4C761BC5275B6BF0002D10B1 /* PBXTargetDependency */ = {
			isa = PBXTargetDependency;
			target = 4C761BA2275B6BEF002D10B1 /* Mastering_RxSwift_in_iOS */;
			targetProxy = 4C761BC4275B6BF0002D10B1 /* PBXContainerItemProxy */;
		};
/* End PBXTargetDependency section */

/* Begin PBXVariantGroup section */
		4C761BAC275B6BEF002D10B1 /* Main.storyboard */ = {
			isa = PBXVariantGroup;
			children = (
				4C761BAD275B6BEF002D10B1 /* Base */,
			);
			name = Main.storyboard;
			sourceTree = "<group>";
		};
		4C761BB1275B6BF0002D10B1 /* LaunchScreen.storyboard */ = {
			isa = PBXVariantGroup;
			children = (
				4C761BB2275B6BF0002D10B1 /* Base */,
			);
			name = LaunchScreen.storyboard;
			sourceTree = "<group>";
		};
/* End PBXVariantGroup section */

/* Begin XCBuildConfiguration section */
		4C761BCB275B6BF0002D10B1 /* Debug */ = {
			isa = XCBuildConfiguration;
			buildSettings = {
				ALWAYS_SEARCH_USER_PATHS = NO;
				CLANG_ANALYZER_NONNULL = YES;
				CLANG_ANALYZER_NUMBER_OBJECT_CONVERSION = YES_AGGRESSIVE;
				CLANG_CXX_LANGUAGE_STANDARD = "gnu++17";
				CLANG_CXX_LIBRARY = "libc++";
				CLANG_ENABLE_MODULES = YES;
				CLANG_ENABLE_OBJC_ARC = YES;
				CLANG_ENABLE_OBJC_WEAK = YES;
				CLANG_WARN_BLOCK_CAPTURE_AUTORELEASING = YES;
				CLANG_WARN_BOOL_CONVERSION = YES;
				CLANG_WARN_COMMA = YES;
				CLANG_WARN_CONSTANT_CONVERSION = YES;
				CLANG_WARN_DEPRECATED_OBJC_IMPLEMENTATIONS = YES;
				CLANG_WARN_DIRECT_OBJC_ISA_USAGE = YES_ERROR;
				CLANG_WARN_DOCUMENTATION_COMMENTS = YES;
				CLANG_WARN_EMPTY_BODY = YES;
				CLANG_WARN_ENUM_CONVERSION = YES;
				CLANG_WARN_INFINITE_RECURSION = YES;
				CLANG_WARN_INT_CONVERSION = YES;
				CLANG_WARN_NON_LITERAL_NULL_CONVERSION = YES;
				CLANG_WARN_OBJC_IMPLICIT_RETAIN_SELF = YES;
				CLANG_WARN_OBJC_LITERAL_CONVERSION = YES;
				CLANG_WARN_OBJC_ROOT_CLASS = YES_ERROR;
				CLANG_WARN_QUOTED_INCLUDE_IN_FRAMEWORK_HEADER = YES;
				CLANG_WARN_RANGE_LOOP_ANALYSIS = YES;
				CLANG_WARN_STRICT_PROTOTYPES = YES;
				CLANG_WARN_SUSPICIOUS_MOVE = YES;
				CLANG_WARN_UNGUARDED_AVAILABILITY = YES_AGGRESSIVE;
				CLANG_WARN_UNREACHABLE_CODE = YES;
				CLANG_WARN__DUPLICATE_METHOD_MATCH = YES;
				COPY_PHASE_STRIP = NO;
				DEBUG_INFORMATION_FORMAT = dwarf;
				ENABLE_STRICT_OBJC_MSGSEND = YES;
				ENABLE_TESTABILITY = YES;
				GCC_C_LANGUAGE_STANDARD = gnu11;
				GCC_DYNAMIC_NO_PIC = NO;
				GCC_NO_COMMON_BLOCKS = YES;
				GCC_OPTIMIZATION_LEVEL = 0;
				GCC_PREPROCESSOR_DEFINITIONS = (
					"DEBUG=1",
					"$(inherited)",
				);
				GCC_WARN_64_TO_32_BIT_CONVERSION = YES;
				GCC_WARN_ABOUT_RETURN_TYPE = YES_ERROR;
				GCC_WARN_UNDECLARED_SELECTOR = YES;
				GCC_WARN_UNINITIALIZED_AUTOS = YES_AGGRESSIVE;
				GCC_WARN_UNUSED_FUNCTION = YES;
				GCC_WARN_UNUSED_VARIABLE = YES;
				IPHONEOS_DEPLOYMENT_TARGET = 15.0;
				MTL_ENABLE_DEBUG_INFO = INCLUDE_SOURCE;
				MTL_FAST_MATH = YES;
				ONLY_ACTIVE_ARCH = YES;
				SDKROOT = iphoneos;
				SWIFT_ACTIVE_COMPILATION_CONDITIONS = DEBUG;
				SWIFT_OPTIMIZATION_LEVEL = "-Onone";
			};
			name = Debug;
		};
		4C761BCC275B6BF0002D10B1 /* Release */ = {
			isa = XCBuildConfiguration;
			buildSettings = {
				ALWAYS_SEARCH_USER_PATHS = NO;
				CLANG_ANALYZER_NONNULL = YES;
				CLANG_ANALYZER_NUMBER_OBJECT_CONVERSION = YES_AGGRESSIVE;
				CLANG_CXX_LANGUAGE_STANDARD = "gnu++17";
				CLANG_CXX_LIBRARY = "libc++";
				CLANG_ENABLE_MODULES = YES;
				CLANG_ENABLE_OBJC_ARC = YES;
				CLANG_ENABLE_OBJC_WEAK = YES;
				CLANG_WARN_BLOCK_CAPTURE_AUTORELEASING = YES;
				CLANG_WARN_BOOL_CONVERSION = YES;
				CLANG_WARN_COMMA = YES;
				CLANG_WARN_CONSTANT_CONVERSION = YES;
				CLANG_WARN_DEPRECATED_OBJC_IMPLEMENTATIONS = YES;
				CLANG_WARN_DIRECT_OBJC_ISA_USAGE = YES_ERROR;
				CLANG_WARN_DOCUMENTATION_COMMENTS = YES;
				CLANG_WARN_EMPTY_BODY = YES;
				CLANG_WARN_ENUM_CONVERSION = YES;
				CLANG_WARN_INFINITE_RECURSION = YES;
				CLANG_WARN_INT_CONVERSION = YES;
				CLANG_WARN_NON_LITERAL_NULL_CONVERSION = YES;
				CLANG_WARN_OBJC_IMPLICIT_RETAIN_SELF = YES;
				CLANG_WARN_OBJC_LITERAL_CONVERSION = YES;
				CLANG_WARN_OBJC_ROOT_CLASS = YES_ERROR;
				CLANG_WARN_QUOTED_INCLUDE_IN_FRAMEWORK_HEADER = YES;
				CLANG_WARN_RANGE_LOOP_ANALYSIS = YES;
				CLANG_WARN_STRICT_PROTOTYPES = YES;
				CLANG_WARN_SUSPICIOUS_MOVE = YES;
				CLANG_WARN_UNGUARDED_AVAILABILITY = YES_AGGRESSIVE;
				CLANG_WARN_UNREACHABLE_CODE = YES;
				CLANG_WARN__DUPLICATE_METHOD_MATCH = YES;
				COPY_PHASE_STRIP = NO;
				DEBUG_INFORMATION_FORMAT = "dwarf-with-dsym";
				ENABLE_NS_ASSERTIONS = NO;
				ENABLE_STRICT_OBJC_MSGSEND = YES;
				GCC_C_LANGUAGE_STANDARD = gnu11;
				GCC_NO_COMMON_BLOCKS = YES;
				GCC_WARN_64_TO_32_BIT_CONVERSION = YES;
				GCC_WARN_ABOUT_RETURN_TYPE = YES_ERROR;
				GCC_WARN_UNDECLARED_SELECTOR = YES;
				GCC_WARN_UNINITIALIZED_AUTOS = YES_AGGRESSIVE;
				GCC_WARN_UNUSED_FUNCTION = YES;
				GCC_WARN_UNUSED_VARIABLE = YES;
				IPHONEOS_DEPLOYMENT_TARGET = 15.0;
				MTL_ENABLE_DEBUG_INFO = NO;
				MTL_FAST_MATH = YES;
				SDKROOT = iphoneos;
				SWIFT_COMPILATION_MODE = wholemodule;
				SWIFT_OPTIMIZATION_LEVEL = "-O";
				VALIDATE_PRODUCT = YES;
			};
			name = Release;
		};
		4C761BCE275B6BF0002D10B1 /* Debug */ = {
			isa = XCBuildConfiguration;
			baseConfigurationReference = 6305230C7CFE44B18073F671 /* Pods-Mastering_RxSwift_in_iOS.debug.xcconfig */;
			buildSettings = {
				ASSETCATALOG_COMPILER_APPICON_NAME = AppIcon;
				ASSETCATALOG_COMPILER_GLOBAL_ACCENT_COLOR_NAME = AccentColor;
				CODE_SIGN_STYLE = Automatic;
				CURRENT_PROJECT_VERSION = 1;
				DEVELOPMENT_TEAM = PDF8XXXYH9;
				GENERATE_INFOPLIST_FILE = YES;
				INFOPLIST_FILE = Mastering_RxSwift_in_iOS/Info.plist;
				INFOPLIST_KEY_LSApplicationCategoryType = "";
				INFOPLIST_KEY_NSPhotoLibraryUsageDescription = "\"Requesting photo lib\"";
				INFOPLIST_KEY_UIApplicationSupportsIndirectInputEvents = YES;
				INFOPLIST_KEY_UILaunchStoryboardName = LaunchScreen;
				INFOPLIST_KEY_UIMainStoryboardFile = Main;
				INFOPLIST_KEY_UISupportedInterfaceOrientations_iPad = "UIInterfaceOrientationPortrait UIInterfaceOrientationPortraitUpsideDown UIInterfaceOrientationLandscapeLeft UIInterfaceOrientationLandscapeRight";
				INFOPLIST_KEY_UISupportedInterfaceOrientations_iPhone = "UIInterfaceOrientationPortrait UIInterfaceOrientationLandscapeLeft UIInterfaceOrientationLandscapeRight";
				LD_RUNPATH_SEARCH_PATHS = (
					"$(inherited)",
					"@executable_path/Frameworks",
				);
				MARKETING_VERSION = 1.0;
				PRODUCT_BUNDLE_IDENTIFIER = "com.test.Mastering-RxSwift-in-iOS";
				PRODUCT_NAME = "$(TARGET_NAME)";
				SWIFT_EMIT_LOC_STRINGS = YES;
				SWIFT_VERSION = 5.0;
				TARGETED_DEVICE_FAMILY = "1,2";
			};
			name = Debug;
		};
		4C761BCF275B6BF0002D10B1 /* Release */ = {
			isa = XCBuildConfiguration;
			baseConfigurationReference = 30C1B1F9631BEA8C1F4F674E /* Pods-Mastering_RxSwift_in_iOS.release.xcconfig */;
			buildSettings = {
				ASSETCATALOG_COMPILER_APPICON_NAME = AppIcon;
				ASSETCATALOG_COMPILER_GLOBAL_ACCENT_COLOR_NAME = AccentColor;
				CODE_SIGN_STYLE = Automatic;
				CURRENT_PROJECT_VERSION = 1;
				DEVELOPMENT_TEAM = PDF8XXXYH9;
				GENERATE_INFOPLIST_FILE = YES;
				INFOPLIST_FILE = Mastering_RxSwift_in_iOS/Info.plist;
				INFOPLIST_KEY_LSApplicationCategoryType = "";
				INFOPLIST_KEY_NSPhotoLibraryUsageDescription = "\"Requesting photo lib\"";
				INFOPLIST_KEY_UIApplicationSupportsIndirectInputEvents = YES;
				INFOPLIST_KEY_UILaunchStoryboardName = LaunchScreen;
				INFOPLIST_KEY_UIMainStoryboardFile = Main;
				INFOPLIST_KEY_UISupportedInterfaceOrientations_iPad = "UIInterfaceOrientationPortrait UIInterfaceOrientationPortraitUpsideDown UIInterfaceOrientationLandscapeLeft UIInterfaceOrientationLandscapeRight";
				INFOPLIST_KEY_UISupportedInterfaceOrientations_iPhone = "UIInterfaceOrientationPortrait UIInterfaceOrientationLandscapeLeft UIInterfaceOrientationLandscapeRight";
				LD_RUNPATH_SEARCH_PATHS = (
					"$(inherited)",
					"@executable_path/Frameworks",
				);
				MARKETING_VERSION = 1.0;
				PRODUCT_BUNDLE_IDENTIFIER = "com.test.Mastering-RxSwift-in-iOS";
				PRODUCT_NAME = "$(TARGET_NAME)";
				SWIFT_EMIT_LOC_STRINGS = YES;
				SWIFT_VERSION = 5.0;
				TARGETED_DEVICE_FAMILY = "1,2";
			};
			name = Release;
		};
		4C761BD1275B6BF0002D10B1 /* Debug */ = {
			isa = XCBuildConfiguration;
			buildSettings = {
				ALWAYS_EMBED_SWIFT_STANDARD_LIBRARIES = YES;
				BUNDLE_LOADER = "$(TEST_HOST)";
				CODE_SIGN_STYLE = Automatic;
				CURRENT_PROJECT_VERSION = 1;
				GENERATE_INFOPLIST_FILE = YES;
				IPHONEOS_DEPLOYMENT_TARGET = 15.0;
				LD_RUNPATH_SEARCH_PATHS = (
					"$(inherited)",
					"@executable_path/Frameworks",
					"@loader_path/Frameworks",
				);
				MARKETING_VERSION = 1.0;
				PRODUCT_BUNDLE_IDENTIFIER = "com.test.Mastering-RxSwift-in-iOSTests";
				PRODUCT_NAME = "$(TARGET_NAME)";
				SWIFT_EMIT_LOC_STRINGS = NO;
				SWIFT_VERSION = 5.0;
				TARGETED_DEVICE_FAMILY = "1,2";
				TEST_HOST = "$(BUILT_PRODUCTS_DIR)/Mastering_RxSwift_in_iOS.app/Mastering_RxSwift_in_iOS";
			};
			name = Debug;
		};
		4C761BD2275B6BF0002D10B1 /* Release */ = {
			isa = XCBuildConfiguration;
			buildSettings = {
				ALWAYS_EMBED_SWIFT_STANDARD_LIBRARIES = YES;
				BUNDLE_LOADER = "$(TEST_HOST)";
				CODE_SIGN_STYLE = Automatic;
				CURRENT_PROJECT_VERSION = 1;
				GENERATE_INFOPLIST_FILE = YES;
				IPHONEOS_DEPLOYMENT_TARGET = 15.0;
				LD_RUNPATH_SEARCH_PATHS = (
					"$(inherited)",
					"@executable_path/Frameworks",
					"@loader_path/Frameworks",
				);
				MARKETING_VERSION = 1.0;
				PRODUCT_BUNDLE_IDENTIFIER = "com.test.Mastering-RxSwift-in-iOSTests";
				PRODUCT_NAME = "$(TARGET_NAME)";
				SWIFT_EMIT_LOC_STRINGS = NO;
				SWIFT_VERSION = 5.0;
				TARGETED_DEVICE_FAMILY = "1,2";
				TEST_HOST = "$(BUILT_PRODUCTS_DIR)/Mastering_RxSwift_in_iOS.app/Mastering_RxSwift_in_iOS";
			};
			name = Release;
		};
		4C761BD4275B6BF0002D10B1 /* Debug */ = {
			isa = XCBuildConfiguration;
			buildSettings = {
				ALWAYS_EMBED_SWIFT_STANDARD_LIBRARIES = YES;
				CODE_SIGN_STYLE = Automatic;
				CURRENT_PROJECT_VERSION = 1;
				GENERATE_INFOPLIST_FILE = YES;
				LD_RUNPATH_SEARCH_PATHS = (
					"$(inherited)",
					"@executable_path/Frameworks",
					"@loader_path/Frameworks",
				);
				MARKETING_VERSION = 1.0;
				PRODUCT_BUNDLE_IDENTIFIER = "com.test.Mastering-RxSwift-in-iOSUITests";
				PRODUCT_NAME = "$(TARGET_NAME)";
				SWIFT_EMIT_LOC_STRINGS = NO;
				SWIFT_VERSION = 5.0;
				TARGETED_DEVICE_FAMILY = "1,2";
				TEST_TARGET_NAME = Mastering_RxSwift_in_iOS;
			};
			name = Debug;
		};
		4C761BD5275B6BF0002D10B1 /* Release */ = {
			isa = XCBuildConfiguration;
			buildSettings = {
				ALWAYS_EMBED_SWIFT_STANDARD_LIBRARIES = YES;
				CODE_SIGN_STYLE = Automatic;
				CURRENT_PROJECT_VERSION = 1;
				GENERATE_INFOPLIST_FILE = YES;
				LD_RUNPATH_SEARCH_PATHS = (
					"$(inherited)",
					"@executable_path/Frameworks",
					"@loader_path/Frameworks",
				);
				MARKETING_VERSION = 1.0;
				PRODUCT_BUNDLE_IDENTIFIER = "com.test.Mastering-RxSwift-in-iOSUITests";
				PRODUCT_NAME = "$(TARGET_NAME)";
				SWIFT_EMIT_LOC_STRINGS = NO;
				SWIFT_VERSION = 5.0;
				TARGETED_DEVICE_FAMILY = "1,2";
				TEST_TARGET_NAME = Mastering_RxSwift_in_iOS;
			};
			name = Release;
		};
/* End XCBuildConfiguration section */

/* Begin XCConfigurationList section */
		4C761B9E275B6BEF002D10B1 /* Build configuration list for PBXProject "Mastering_RxSwift_in_iOS" */ = {
			isa = XCConfigurationList;
			buildConfigurations = (
				4C761BCB275B6BF0002D10B1 /* Debug */,
				4C761BCC275B6BF0002D10B1 /* Release */,
			);
			defaultConfigurationIsVisible = 0;
			defaultConfigurationName = Release;
		};
		4C761BCD275B6BF0002D10B1 /* Build configuration list for PBXNativeTarget "Mastering_RxSwift_in_iOS" */ = {
			isa = XCConfigurationList;
			buildConfigurations = (
				4C761BCE275B6BF0002D10B1 /* Debug */,
				4C761BCF275B6BF0002D10B1 /* Release */,
			);
			defaultConfigurationIsVisible = 0;
			defaultConfigurationName = Release;
		};
		4C761BD0275B6BF0002D10B1 /* Build configuration list for PBXNativeTarget "Mastering_RxSwift_in_iOSTests" */ = {
			isa = XCConfigurationList;
			buildConfigurations = (
				4C761BD1275B6BF0002D10B1 /* Debug */,
				4C761BD2275B6BF0002D10B1 /* Release */,
			);
			defaultConfigurationIsVisible = 0;
			defaultConfigurationName = Release;
		};
		4C761BD3275B6BF0002D10B1 /* Build configuration list for PBXNativeTarget "Mastering_RxSwift_in_iOSUITests" */ = {
			isa = XCConfigurationList;
			buildConfigurations = (
				4C761BD4275B6BF0002D10B1 /* Debug */,
				4C761BD5275B6BF0002D10B1 /* Release */,
			);
			defaultConfigurationIsVisible = 0;
			defaultConfigurationName = Release;
		};
/* End XCConfigurationList section */
	};
	rootObject = 4C761B9B275B6BEF002D10B1 /* Project object */;
}
